// !$*UTF8*$!
{
	archiveVersion = 1;
	classes = {
	};
	objectVersion = 56;
	objects = {

/* Begin PBXBuildFile section */
		14044AC92B6E65DF000EE0F5 /* AppDelegate.swift in Sources */ = {isa = PBXBuildFile; fileRef = 14044AC82B6E65DF000EE0F5 /* AppDelegate.swift */; };
		14044ACB2B6E65DF000EE0F5 /* SceneDelegate.swift in Sources */ = {isa = PBXBuildFile; fileRef = 14044ACA2B6E65DF000EE0F5 /* SceneDelegate.swift */; };
		14044ACD2B6E65DF000EE0F5 /* ViewController.swift in Sources */ = {isa = PBXBuildFile; fileRef = 14044ACC2B6E65DF000EE0F5 /* ViewController.swift */; };
		14044AD02B6E65DF000EE0F5 /* Main.storyboard in Resources */ = {isa = PBXBuildFile; fileRef = 14044ACE2B6E65DF000EE0F5 /* Main.storyboard */; };
		14044AD22B6E65E0000EE0F5 /* Assets.xcassets in Resources */ = {isa = PBXBuildFile; fileRef = 14044AD12B6E65E0000EE0F5 /* Assets.xcassets */; };
		14044AD52B6E65E0000EE0F5 /* LaunchScreen.storyboard in Resources */ = {isa = PBXBuildFile; fileRef = 14044AD32B6E65E0000EE0F5 /* LaunchScreen.storyboard */; };
		14044AE02B6E65E0000EE0F5 /* timerTests.swift in Sources */ = {isa = PBXBuildFile; fileRef = 14044ADF2B6E65E0000EE0F5 /* timerTests.swift */; };
		14044AEA2B6E65E0000EE0F5 /* timerUITests.swift in Sources */ = {isa = PBXBuildFile; fileRef = 14044AE92B6E65E0000EE0F5 /* timerUITests.swift */; };
		14044AEC2B6E65E0000EE0F5 /* timerUITestsLaunchTests.swift in Sources */ = {isa = PBXBuildFile; fileRef = 14044AEB2B6E65E0000EE0F5 /* timerUITestsLaunchTests.swift */; };
/* End PBXBuildFile section */

/* Begin PBXContainerItemProxy section */
		14044ADC2B6E65E0000EE0F5 /* PBXContainerItemProxy */ = {
			isa = PBXContainerItemProxy;
			containerPortal = 14044ABD2B6E65DF000EE0F5 /* Project object */;
			proxyType = 1;
			remoteGlobalIDString = 14044AC42B6E65DF000EE0F5;
			remoteInfo = timer;
		};
		14044AE62B6E65E0000EE0F5 /* PBXContainerItemProxy */ = {
			isa = PBXContainerItemProxy;
			containerPortal = 14044ABD2B6E65DF000EE0F5 /* Project object */;
			proxyType = 1;
			remoteGlobalIDString = 14044AC42B6E65DF000EE0F5;
			remoteInfo = timer;
		};
/* End PBXContainerItemProxy section */

/* Begin PBXFileReference section */
		14044AC52B6E65DF000EE0F5 /* timer.app */ = {isa = PBXFileReference; explicitFileType = wrapper.application; includeInIndex = 0; path = timer.app; sourceTree = BUILT_PRODUCTS_DIR; };
		14044AC82B6E65DF000EE0F5 /* AppDelegate.swift */ = {isa = PBXFileReference; lastKnownFileType = sourcecode.swift; path = AppDelegate.swift; sourceTree = "<group>"; };
		14044ACA2B6E65DF000EE0F5 /* SceneDelegate.swift */ = {isa = PBXFileReference; lastKnownFileType = sourcecode.swift; path = SceneDelegate.swift; sourceTree = "<group>"; };
		14044ACC2B6E65DF000EE0F5 /* ViewController.swift */ = {isa = PBXFileReference; lastKnownFileType = sourcecode.swift; path = ViewController.swift; sourceTree = "<group>"; };
		14044ACF2B6E65DF000EE0F5 /* Base */ = {isa = PBXFileReference; lastKnownFileType = file.storyboard; name = Base; path = Base.lproj/Main.storyboard; sourceTree = "<group>"; };
		14044AD12B6E65E0000EE0F5 /* Assets.xcassets */ = {isa = PBXFileReference; lastKnownFileType = folder.assetcatalog; path = Assets.xcassets; sourceTree = "<group>"; };
		14044AD42B6E65E0000EE0F5 /* Base */ = {isa = PBXFileReference; lastKnownFileType = file.storyboard; name = Base; path = Base.lproj/LaunchScreen.storyboard; sourceTree = "<group>"; };
		14044AD62B6E65E0000EE0F5 /* Info.plist */ = {isa = PBXFileReference; lastKnownFileType = text.plist.xml; path = Info.plist; sourceTree = "<group>"; };
		14044ADB2B6E65E0000EE0F5 /* timerTests.xctest */ = {isa = PBXFileReference; explicitFileType = wrapper.cfbundle; includeInIndex = 0; path = timerTests.xctest; sourceTree = BUILT_PRODUCTS_DIR; };
		14044ADF2B6E65E0000EE0F5 /* timerTests.swift */ = {isa = PBXFileReference; lastKnownFileType = sourcecode.swift; path = timerTests.swift; sourceTree = "<group>"; };
		14044AE52B6E65E0000EE0F5 /* timerUITests.xctest */ = {isa = PBXFileReference; explicitFileType = wrapper.cfbundle; includeInIndex = 0; path = timerUITests.xctest; sourceTree = BUILT_PRODUCTS_DIR; };
		14044AE92B6E65E0000EE0F5 /* timerUITests.swift */ = {isa = PBXFileReference; lastKnownFileType = sourcecode.swift; path = timerUITests.swift; sourceTree = "<group>"; };
		14044AEB2B6E65E0000EE0F5 /* timerUITestsLaunchTests.swift */ = {isa = PBXFileReference; lastKnownFileType = sourcecode.swift; path = timerUITestsLaunchTests.swift; sourceTree = "<group>"; };
/* End PBXFileReference section */

/* Begin PBXFrameworksBuildPhase section */
		14044AC22B6E65DF000EE0F5 /* Frameworks */ = {
			isa = PBXFrameworksBuildPhase;
			buildActionMask = 2147483647;
			files = (
			);
			runOnlyForDeploymentPostprocessing = 0;
		};
		14044AD82B6E65E0000EE0F5 /* Frameworks */ = {
			isa = PBXFrameworksBuildPhase;
			buildActionMask = 2147483647;
			files = (
			);
			runOnlyForDeploymentPostprocessing = 0;
		};
		14044AE22B6E65E0000EE0F5 /* Frameworks */ = {
			isa = PBXFrameworksBuildPhase;
			buildActionMask = 2147483647;
			files = (
			);
			runOnlyForDeploymentPostprocessing = 0;
		};
/* End PBXFrameworksBuildPhase section */

/* Begin PBXGroup section */
		14044ABC2B6E65DF000EE0F5 = {
			isa = PBXGroup;
			children = (
				14044AC72B6E65DF000EE0F5 /* timer */,
				14044ADE2B6E65E0000EE0F5 /* timerTests */,
				14044AE82B6E65E0000EE0F5 /* timerUITests */,
				14044AC62B6E65DF000EE0F5 /* Products */,
			);
			sourceTree = "<group>";
		};
		14044AC62B6E65DF000EE0F5 /* Products */ = {
			isa = PBXGroup;
			children = (
				14044AC52B6E65DF000EE0F5 /* timer.app */,
				14044ADB2B6E65E0000EE0F5 /* timerTests.xctest */,
				14044AE52B6E65E0000EE0F5 /* timerUITests.xctest */,
			);
			name = Products;
			sourceTree = "<group>";
		};
		14044AC72B6E65DF000EE0F5 /* timer */ = {
			isa = PBXGroup;
			children = (
				14044AC82B6E65DF000EE0F5 /* AppDelegate.swift */,
				14044ACA2B6E65DF000EE0F5 /* SceneDelegate.swift */,
				14044ACC2B6E65DF000EE0F5 /* ViewController.swift */,
				14044ACE2B6E65DF000EE0F5 /* Main.storyboard */,
				14044AD12B6E65E0000EE0F5 /* Assets.xcassets */,
				14044AD32B6E65E0000EE0F5 /* LaunchScreen.storyboard */,
				14044AD62B6E65E0000EE0F5 /* Info.plist */,
			);
			path = timer;
			sourceTree = "<group>";
		};
		14044ADE2B6E65E0000EE0F5 /* timerTests */ = {
			isa = PBXGroup;
			children = (
				14044ADF2B6E65E0000EE0F5 /* timerTests.swift */,
			);
			path = timerTests;
			sourceTree = "<group>";
		};
		14044AE82B6E65E0000EE0F5 /* timerUITests */ = {
			isa = PBXGroup;
			children = (
				14044AE92B6E65E0000EE0F5 /* timerUITests.swift */,
				14044AEB2B6E65E0000EE0F5 /* timerUITestsLaunchTests.swift */,
			);
			path = timerUITests;
			sourceTree = "<group>";
		};
/* End PBXGroup section */

/* Begin PBXNativeTarget section */
		14044AC42B6E65DF000EE0F5 /* timer */ = {
			isa = PBXNativeTarget;
			buildConfigurationList = 14044AEF2B6E65E0000EE0F5 /* Build configuration list for PBXNativeTarget "timer" */;
			buildPhases = (
				14044AC12B6E65DF000EE0F5 /* Sources */,
				14044AC22B6E65DF000EE0F5 /* Frameworks */,
				14044AC32B6E65DF000EE0F5 /* Resources */,
			);
			buildRules = (
			);
			dependencies = (
			);
			name = timer;
			productName = timer;
			productReference = 14044AC52B6E65DF000EE0F5 /* timer.app */;
			productType = "com.apple.product-type.application";
		};
		14044ADA2B6E65E0000EE0F5 /* timerTests */ = {
			isa = PBXNativeTarget;
			buildConfigurationList = 14044AF22B6E65E0000EE0F5 /* Build configuration list for PBXNativeTarget "timerTests" */;
			buildPhases = (
				14044AD72B6E65E0000EE0F5 /* Sources */,
				14044AD82B6E65E0000EE0F5 /* Frameworks */,
				14044AD92B6E65E0000EE0F5 /* Resources */,
			);
			buildRules = (
			);
			dependencies = (
				14044ADD2B6E65E0000EE0F5 /* PBXTargetDependency */,
			);
			name = timerTests;
			productName = timerTests;
			productReference = 14044ADB2B6E65E0000EE0F5 /* timerTests.xctest */;
			productType = "com.apple.product-type.bundle.unit-test";
		};
		14044AE42B6E65E0000EE0F5 /* timerUITests */ = {
			isa = PBXNativeTarget;
			buildConfigurationList = 14044AF52B6E65E0000EE0F5 /* Build configuration list for PBXNativeTarget "timerUITests" */;
			buildPhases = (
				14044AE12B6E65E0000EE0F5 /* Sources */,
				14044AE22B6E65E0000EE0F5 /* Frameworks */,
				14044AE32B6E65E0000EE0F5 /* Resources */,
			);
			buildRules = (
			);
			dependencies = (
				14044AE72B6E65E0000EE0F5 /* PBXTargetDependency */,
			);
			name = timerUITests;
			productName = timerUITests;
			productReference = 14044AE52B6E65E0000EE0F5 /* timerUITests.xctest */;
			productType = "com.apple.product-type.bundle.ui-testing";
		};
/* End PBXNativeTarget section */

/* Begin PBXProject section */
		14044ABD2B6E65DF000EE0F5 /* Project object */ = {
			isa = PBXProject;
			attributes = {
				BuildIndependentTargetsInParallel = 1;
				LastSwiftUpdateCheck = 1500;
				LastUpgradeCheck = 1500;
				TargetAttributes = {
					14044AC42B6E65DF000EE0F5 = {
						CreatedOnToolsVersion = 15.0;
					};
					14044ADA2B6E65E0000EE0F5 = {
						CreatedOnToolsVersion = 15.0;
						TestTargetID = 14044AC42B6E65DF000EE0F5;
					};
					14044AE42B6E65E0000EE0F5 = {
						CreatedOnToolsVersion = 15.0;
						TestTargetID = 14044AC42B6E65DF000EE0F5;
					};
				};
			};
			buildConfigurationList = 14044AC02B6E65DF000EE0F5 /* Build configuration list for PBXProject "timer" */;
			compatibilityVersion = "Xcode 14.0";
			developmentRegion = en;
			hasScannedForEncodings = 0;
			knownRegions = (
				en,
				Base,
			);
			mainGroup = 14044ABC2B6E65DF000EE0F5;
			productRefGroup = 14044AC62B6E65DF000EE0F5 /* Products */;
			projectDirPath = "";
			projectRoot = "";
			targets = (
				14044AC42B6E65DF000EE0F5 /* timer */,
				14044ADA2B6E65E0000EE0F5 /* timerTests */,
				14044AE42B6E65E0000EE0F5 /* timerUITests */,
			);
		};
/* End PBXProject section */

/* Begin PBXResourcesBuildPhase section */
		14044AC32B6E65DF000EE0F5 /* Resources */ = {
			isa = PBXResourcesBuildPhase;
			buildActionMask = 2147483647;
			files = (
				14044AD52B6E65E0000EE0F5 /* LaunchScreen.storyboard in Resources */,
				14044AD22B6E65E0000EE0F5 /* Assets.xcassets in Resources */,
				14044AD02B6E65DF000EE0F5 /* Main.storyboard in Resources */,
			);
			runOnlyForDeploymentPostprocessing = 0;
		};
		14044AD92B6E65E0000EE0F5 /* Resources */ = {
			isa = PBXResourcesBuildPhase;
			buildActionMask = 2147483647;
			files = (
			);
			runOnlyForDeploymentPostprocessing = 0;
		};
		14044AE32B6E65E0000EE0F5 /* Resources */ = {
			isa = PBXResourcesBuildPhase;
			buildActionMask = 2147483647;
			files = (
			);
			runOnlyForDeploymentPostprocessing = 0;
		};
/* End PBXResourcesBuildPhase section */

/* Begin PBXSourcesBuildPhase section */
		14044AC12B6E65DF000EE0F5 /* Sources */ = {
			isa = PBXSourcesBuildPhase;
			buildActionMask = 2147483647;
			files = (
				14044ACD2B6E65DF000EE0F5 /* ViewController.swift in Sources */,
				14044AC92B6E65DF000EE0F5 /* AppDelegate.swift in Sources */,
				14044ACB2B6E65DF000EE0F5 /* SceneDelegate.swift in Sources */,
			);
			runOnlyForDeploymentPostprocessing = 0;
		};
		14044AD72B6E65E0000EE0F5 /* Sources */ = {
			isa = PBXSourcesBuildPhase;
			buildActionMask = 2147483647;
			files = (
				14044AE02B6E65E0000EE0F5 /* timerTests.swift in Sources */,
			);
			runOnlyForDeploymentPostprocessing = 0;
		};
		14044AE12B6E65E0000EE0F5 /* Sources */ = {
			isa = PBXSourcesBuildPhase;
			buildActionMask = 2147483647;
			files = (
				14044AEC2B6E65E0000EE0F5 /* timerUITestsLaunchTests.swift in Sources */,
				14044AEA2B6E65E0000EE0F5 /* timerUITests.swift in Sources */,
			);
			runOnlyForDeploymentPostprocessing = 0;
		};
/* End PBXSourcesBuildPhase section */

/* Begin PBXTargetDependency section */
		14044ADD2B6E65E0000EE0F5 /* PBXTargetDependency */ = {
			isa = PBXTargetDependency;
			target = 14044AC42B6E65DF000EE0F5 /* timer */;
			targetProxy = 14044ADC2B6E65E0000EE0F5 /* PBXContainerItemProxy */;
		};
		14044AE72B6E65E0000EE0F5 /* PBXTargetDependency */ = {
			isa = PBXTargetDependency;
			target = 14044AC42B6E65DF000EE0F5 /* timer */;
			targetProxy = 14044AE62B6E65E0000EE0F5 /* PBXContainerItemProxy */;
		};
/* End PBXTargetDependency section */

/* Begin PBXVariantGroup section */
		14044ACE2B6E65DF000EE0F5 /* Main.storyboard */ = {
			isa = PBXVariantGroup;
			children = (
				14044ACF2B6E65DF000EE0F5 /* Base */,
			);
			name = Main.storyboard;
			sourceTree = "<group>";
		};
		14044AD32B6E65E0000EE0F5 /* LaunchScreen.storyboard */ = {
			isa = PBXVariantGroup;
			children = (
				14044AD42B6E65E0000EE0F5 /* Base */,
			);
			name = LaunchScreen.storyboard;
			sourceTree = "<group>";
		};
/* End PBXVariantGroup section */

/* Begin XCBuildConfiguration section */
		14044AED2B6E65E0000EE0F5 /* Debug */ = {
			isa = XCBuildConfiguration;
			buildSettings = {
				ALWAYS_SEARCH_USER_PATHS = NO;
				ASSETCATALOG_COMPILER_GENERATE_SWIFT_ASSET_SYMBOL_EXTENSIONS = YES;
				CLANG_ANALYZER_NONNULL = YES;
				CLANG_ANALYZER_NUMBER_OBJECT_CONVERSION = YES_AGGRESSIVE;
				CLANG_CXX_LANGUAGE_STANDARD = "gnu++20";
				CLANG_ENABLE_MODULES = YES;
				CLANG_ENABLE_OBJC_ARC = YES;
				CLANG_ENABLE_OBJC_WEAK = YES;
				CLANG_WARN_BLOCK_CAPTURE_AUTORELEASING = YES;
				CLANG_WARN_BOOL_CONVERSION = YES;
				CLANG_WARN_COMMA = YES;
				CLANG_WARN_CONSTANT_CONVERSION = YES;
				CLANG_WARN_DEPRECATED_OBJC_IMPLEMENTATIONS = YES;
				CLANG_WARN_DIRECT_OBJC_ISA_USAGE = YES_ERROR;
				CLANG_WARN_DOCUMENTATION_COMMENTS = YES;
				CLANG_WARN_EMPTY_BODY = YES;
				CLANG_WARN_ENUM_CONVERSION = YES;
				CLANG_WARN_INFINITE_RECURSION = YES;
				CLANG_WARN_INT_CONVERSION = YES;
				CLANG_WARN_NON_LITERAL_NULL_CONVERSION = YES;
				CLANG_WARN_OBJC_IMPLICIT_RETAIN_SELF = YES;
				CLANG_WARN_OBJC_LITERAL_CONVERSION = YES;
				CLANG_WARN_OBJC_ROOT_CLASS = YES_ERROR;
				CLANG_WARN_QUOTED_INCLUDE_IN_FRAMEWORK_HEADER = YES;
				CLANG_WARN_RANGE_LOOP_ANALYSIS = YES;
				CLANG_WARN_STRICT_PROTOTYPES = YES;
				CLANG_WARN_SUSPICIOUS_MOVE = YES;
				CLANG_WARN_UNGUARDED_AVAILABILITY = YES_AGGRESSIVE;
				CLANG_WARN_UNREACHABLE_CODE = YES;
				CLANG_WARN__DUPLICATE_METHOD_MATCH = YES;
				COPY_PHASE_STRIP = NO;
				DEBUG_INFORMATION_FORMAT = dwarf;
				ENABLE_STRICT_OBJC_MSGSEND = YES;
				ENABLE_TESTABILITY = YES;
				ENABLE_USER_SCRIPT_SANDBOXING = YES;
				GCC_C_LANGUAGE_STANDARD = gnu17;
				GCC_DYNAMIC_NO_PIC = NO;
				GCC_NO_COMMON_BLOCKS = YES;
				GCC_OPTIMIZATION_LEVEL = 0;
				GCC_PREPROCESSOR_DEFINITIONS = (
					"DEBUG=1",
					"$(inherited)",
				);
				GCC_WARN_64_TO_32_BIT_CONVERSION = YES;
				GCC_WARN_ABOUT_RETURN_TYPE = YES_ERROR;
				GCC_WARN_UNDECLARED_SELECTOR = YES;
				GCC_WARN_UNINITIALIZED_AUTOS = YES_AGGRESSIVE;
				GCC_WARN_UNUSED_FUNCTION = YES;
				GCC_WARN_UNUSED_VARIABLE = YES;
				IPHONEOS_DEPLOYMENT_TARGET = 17.0;
				LOCALIZATION_PREFERS_STRING_CATALOGS = YES;
				MTL_ENABLE_DEBUG_INFO = INCLUDE_SOURCE;
				MTL_FAST_MATH = YES;
				ONLY_ACTIVE_ARCH = YES;
				SDKROOT = iphoneos;
				SWIFT_ACTIVE_COMPILATION_CONDITIONS = "DEBUG $(inherited)";
				SWIFT_OPTIMIZATION_LEVEL = "-Onone";
			};
			name = Debug;
		};
		14044AEE2B6E65E0000EE0F5 /* Release */ = {
			isa = XCBuildConfiguration;
			buildSettings = {
				ALWAYS_SEARCH_USER_PATHS = NO;
				ASSETCATALOG_COMPILER_GENERATE_SWIFT_ASSET_SYMBOL_EXTENSIONS = YES;
				CLANG_ANALYZER_NONNULL = YES;
				CLANG_ANALYZER_NUMBER_OBJECT_CONVERSION = YES_AGGRESSIVE;
				CLANG_CXX_LANGUAGE_STANDARD = "gnu++20";
				CLANG_ENABLE_MODULES = YES;
				CLANG_ENABLE_OBJC_ARC = YES;
				CLANG_ENABLE_OBJC_WEAK = YES;
				CLANG_WARN_BLOCK_CAPTURE_AUTORELEASING = YES;
				CLANG_WARN_BOOL_CONVERSION = YES;
				CLANG_WARN_COMMA = YES;
				CLANG_WARN_CONSTANT_CONVERSION = YES;
				CLANG_WARN_DEPRECATED_OBJC_IMPLEMENTATIONS = YES;
				CLANG_WARN_DIRECT_OBJC_ISA_USAGE = YES_ERROR;
				CLANG_WARN_DOCUMENTATION_COMMENTS = YES;
				CLANG_WARN_EMPTY_BODY = YES;
				CLANG_WARN_ENUM_CONVERSION = YES;
				CLANG_WARN_INFINITE_RECURSION = YES;
				CLANG_WARN_INT_CONVERSION = YES;
				CLANG_WARN_NON_LITERAL_NULL_CONVERSION = YES;
				CLANG_WARN_OBJC_IMPLICIT_RETAIN_SELF = YES;
				CLANG_WARN_OBJC_LITERAL_CONVERSION = YES;
				CLANG_WARN_OBJC_ROOT_CLASS = YES_ERROR;
				CLANG_WARN_QUOTED_INCLUDE_IN_FRAMEWORK_HEADER = YES;
				CLANG_WARN_RANGE_LOOP_ANALYSIS = YES;
				CLANG_WARN_STRICT_PROTOTYPES = YES;
				CLANG_WARN_SUSPICIOUS_MOVE = YES;
				CLANG_WARN_UNGUARDED_AVAILABILITY = YES_AGGRESSIVE;
				CLANG_WARN_UNREACHABLE_CODE = YES;
				CLANG_WARN__DUPLICATE_METHOD_MATCH = YES;
				COPY_PHASE_STRIP = NO;
				DEBUG_INFORMATION_FORMAT = "dwarf-with-dsym";
				ENABLE_NS_ASSERTIONS = NO;
				ENABLE_STRICT_OBJC_MSGSEND = YES;
				ENABLE_USER_SCRIPT_SANDBOXING = YES;
				GCC_C_LANGUAGE_STANDARD = gnu17;
				GCC_NO_COMMON_BLOCKS = YES;
				GCC_WARN_64_TO_32_BIT_CONVERSION = YES;
				GCC_WARN_ABOUT_RETURN_TYPE = YES_ERROR;
				GCC_WARN_UNDECLARED_SELECTOR = YES;
				GCC_WARN_UNINITIALIZED_AUTOS = YES_AGGRESSIVE;
				GCC_WARN_UNUSED_FUNCTION = YES;
				GCC_WARN_UNUSED_VARIABLE = YES;
				IPHONEOS_DEPLOYMENT_TARGET = 17.0;
				LOCALIZATION_PREFERS_STRING_CATALOGS = YES;
				MTL_ENABLE_DEBUG_INFO = NO;
				MTL_FAST_MATH = YES;
				SDKROOT = iphoneos;
				SWIFT_COMPILATION_MODE = wholemodule;
				VALIDATE_PRODUCT = YES;
			};
			name = Release;
		};
		14044AF02B6E65E0000EE0F5 /* Debug */ = {
			isa = XCBuildConfiguration;
			buildSettings = {
				ASSETCATALOG_COMPILER_APPICON_NAME = AppIcon;
				ASSETCATALOG_COMPILER_GLOBAL_ACCENT_COLOR_NAME = AccentColor;
				CODE_SIGN_STYLE = Automatic;
				CURRENT_PROJECT_VERSION = 1;
				DEVELOPMENT_TEAM = 22JZ6DALUD;
				GENERATE_INFOPLIST_FILE = YES;
				INFOPLIST_FILE = timer/Info.plist;
				INFOPLIST_KEY_UIApplicationSupportsIndirectInputEvents = YES;
				INFOPLIST_KEY_UILaunchStoryboardName = LaunchScreen;
				INFOPLIST_KEY_UIMainStoryboardFile = Main;
				INFOPLIST_KEY_UISupportedInterfaceOrientations_iPad = "UIInterfaceOrientationPortrait UIInterfaceOrientationPortraitUpsideDown UIInterfaceOrientationLandscapeLeft UIInterfaceOrientationLandscapeRight";
				INFOPLIST_KEY_UISupportedInterfaceOrientations_iPhone = "UIInterfaceOrientationPortrait UIInterfaceOrientationLandscapeLeft UIInterfaceOrientationLandscapeRight";
				IPHONEOS_DEPLOYMENT_TARGET = 15.0;
				LD_RUNPATH_SEARCH_PATHS = (
					"$(inherited)",
					"@executable_path/Frameworks",
				);
				MARKETING_VERSION = 1.0;
				PRODUCT_BUNDLE_IDENTIFIER = ellyysh.timer;
				PRODUCT_NAME = "$(TARGET_NAME)";
				SWIFT_EMIT_LOC_STRINGS = YES;
				SWIFT_VERSION = 5.0;
				TARGETED_DEVICE_FAMILY = "1,2";
			};
			name = Debug;
		};
		14044AF12B6E65E0000EE0F5 /* Release */ = {
			isa = XCBuildConfiguration;
			buildSettings = {
				ASSETCATALOG_COMPILER_APPICON_NAME = AppIcon;
				ASSETCATALOG_COMPILER_GLOBAL_ACCENT_COLOR_NAME = AccentColor;
				CODE_SIGN_STYLE = Automatic;
				CURRENT_PROJECT_VERSION = 1;
				DEVELOPMENT_TEAM = 22JZ6DALUD;
				GENERATE_INFOPLIST_FILE = YES;
				INFOPLIST_FILE = timer/Info.plist;
				INFOPLIST_KEY_UIApplicationSupportsIndirectInputEvents = YES;
				INFOPLIST_KEY_UILaunchStoryboardName = LaunchScreen;
				INFOPLIST_KEY_UIMainStoryboardFile = Main;
				INFOPLIST_KEY_UISupportedInterfaceOrientations_iPad = "UIInterfaceOrientationPortrait UIInterfaceOrientationPortraitUpsideDown UIInterfaceOrientationLandscapeLeft UIInterfaceOrientationLandscapeRight";
				INFOPLIST_KEY_UISupportedInterfaceOrientations_iPhone = "UIInterfaceOrientationPortrait UIInterfaceOrientationLandscapeLeft UIInterfaceOrientationLandscapeRight";
				IPHONEOS_DEPLOYMENT_TARGET = 15.0;
				LD_RUNPATH_SEARCH_PATHS = (
					"$(inherited)",
					"@executable_path/Frameworks",
				);
				MARKETING_VERSION = 1.0;
				PRODUCT_BUNDLE_IDENTIFIER = ellyysh.timer;
				PRODUCT_NAME = "$(TARGET_NAME)";
				SWIFT_EMIT_LOC_STRINGS = YES;
				SWIFT_VERSION = 5.0;
				TARGETED_DEVICE_FAMILY = "1,2";
			};
			name = Release;
		};
		14044AF32B6E65E0000EE0F5 /* Debug */ = {
			isa = XCBuildConfiguration;
			buildSettings = {
				ALWAYS_EMBED_SWIFT_STANDARD_LIBRARIES = YES;
				BUNDLE_LOADER = "$(TEST_HOST)";
				CODE_SIGN_STYLE = Automatic;
				CURRENT_PROJECT_VERSION = 1;
				DEVELOPMENT_TEAM = U95HXKKU27;
				GENERATE_INFOPLIST_FILE = YES;
				IPHONEOS_DEPLOYMENT_TARGET = 17.0;
				MARKETING_VERSION = 1.0;
				PRODUCT_BUNDLE_IDENTIFIER = ellyysh.timerTests;
				PRODUCT_NAME = "$(TARGET_NAME)";
				SWIFT_EMIT_LOC_STRINGS = NO;
				SWIFT_VERSION = 5.0;
				TARGETED_DEVICE_FAMILY = "1,2";
				TEST_HOST = "$(BUILT_PRODUCTS_DIR)/timer.app/$(BUNDLE_EXECUTABLE_FOLDER_PATH)/timer";
			};
			name = Debug;
		};
		14044AF42B6E65E0000EE0F5 /* Release */ = {
			isa = XCBuildConfiguration;
			buildSettings = {
				ALWAYS_EMBED_SWIFT_STANDARD_LIBRARIES = YES;
				BUNDLE_LOADER = "$(TEST_HOST)";
				CODE_SIGN_STYLE = Automatic;
				CURRENT_PROJECT_VERSION = 1;
				DEVELOPMENT_TEAM = U95HXKKU27;
				GENERATE_INFOPLIST_FILE = YES;
				IPHONEOS_DEPLOYMENT_TARGET = 17.0;
				MARKETING_VERSION = 1.0;
				PRODUCT_BUNDLE_IDENTIFIER = ellyysh.timerTests;
				PRODUCT_NAME = "$(TARGET_NAME)";
				SWIFT_EMIT_LOC_STRINGS = NO;
				SWIFT_VERSION = 5.0;
				TARGETED_DEVICE_FAMILY = "1,2";
				TEST_HOST = "$(BUILT_PRODUCTS_DIR)/timer.app/$(BUNDLE_EXECUTABLE_FOLDER_PATH)/timer";
			};
			name = Release;
		};
		14044AF62B6E65E0000EE0F5 /* Debug */ = {
			isa = XCBuildConfiguration;
			buildSettings = {
				ALWAYS_EMBED_SWIFT_STANDARD_LIBRARIES = YES;
				CODE_SIGN_STYLE = Automatic;
				CURRENT_PROJECT_VERSION = 1;
				DEVELOPMENT_TEAM = U95HXKKU27;
				GENERATE_INFOPLIST_FILE = YES;
				MARKETING_VERSION = 1.0;
				PRODUCT_BUNDLE_IDENTIFIER = ellyysh.timerUITests;
				PRODUCT_NAME = "$(TARGET_NAME)";
				SWIFT_EMIT_LOC_STRINGS = NO;
				SWIFT_VERSION = 5.0;
				TARGETED_DEVICE_FAMILY = "1,2";
				TEST_TARGET_NAME = timer;
			};
			name = Debug;
		};
		14044AF72B6E65E0000EE0F5 /* Release */ = {
			isa = XCBuildConfiguration;
			buildSettings = {
				ALWAYS_EMBED_SWIFT_STANDARD_LIBRARIES = YES;
				CODE_SIGN_STYLE = Automatic;
				CURRENT_PROJECT_VERSION = 1;
				DEVELOPMENT_TEAM = U95HXKKU27;
				GENERATE_INFOPLIST_FILE = YES;
				MARKETING_VERSION = 1.0;
				PRODUCT_BUNDLE_IDENTIFIER = ellyysh.timerUITests;
				PRODUCT_NAME = "$(TARGET_NAME)";
				SWIFT_EMIT_LOC_STRINGS = NO;
				SWIFT_VERSION = 5.0;
				TARGETED_DEVICE_FAMILY = "1,2";
				TEST_TARGET_NAME = timer;
			};
			name = Release;
		};
/* End XCBuildConfiguration section */

/* Begin XCConfigurationList section */
		14044AC02B6E65DF000EE0F5 /* Build configuration list for PBXProject "timer" */ = {
			isa = XCConfigurationList;
			buildConfigurations = (
				14044AED2B6E65E0000EE0F5 /* Debug */,
				14044AEE2B6E65E0000EE0F5 /* Release */,
			);
			defaultConfigurationIsVisible = 0;
			defaultConfigurationName = Release;
		};
		14044AEF2B6E65E0000EE0F5 /* Build configuration list for PBXNativeTarget "timer" */ = {
			isa = XCConfigurationList;
			buildConfigurations = (
				14044AF02B6E65E0000EE0F5 /* Debug */,
				14044AF12B6E65E0000EE0F5 /* Release */,
			);
			defaultConfigurationIsVisible = 0;
			defaultConfigurationName = Release;
		};
		14044AF22B6E65E0000EE0F5 /* Build configuration list for PBXNativeTarget "timerTests" */ = {
			isa = XCConfigurationList;
			buildConfigurations = (
				14044AF32B6E65E0000EE0F5 /* Debug */,
				14044AF42B6E65E0000EE0F5 /* Release */,
			);
			defaultConfigurationIsVisible = 0;
			defaultConfigurationName = Release;
		};
		14044AF52B6E65E0000EE0F5 /* Build configuration list for PBXNativeTarget "timerUITests" */ = {
			isa = XCConfigurationList;
			buildConfigurations = (
				14044AF62B6E65E0000EE0F5 /* Debug */,
				14044AF72B6E65E0000EE0F5 /* Release */,
			);
			defaultConfigurationIsVisible = 0;
			defaultConfigurationName = Release;
		};
/* End XCConfigurationList section */
	};
	rootObject = 14044ABD2B6E65DF000EE0F5 /* Project object */;
}
